// !$*UTF8*$!
{
	archiveVersion = 1;
	classes = {
	};
	objectVersion = 56;
	objects = {
		/* Begin PBXBuildFile section */
		/* End PBXBuildFile section */

		/* Begin PBXFileReference section */
		00D247D5C01E4A2200123456 /* Info.plist */ = {isa = PBXFileReference; lastKnownFileType = text.plist.xml; path = Info.plist; sourceTree = "<group>"; };
		/* End PBXFileReference section */

		/* Begin PBXGroup section */
		00D247D0C01E4A1900123456 = {
			isa = PBXGroup;
			children = (
				00D247D5C01E4A2200123456 /* Info.plist */,
				00D247D1C01E4A1900123456 /* Resources */,
			);
			sourceTree = "<group>";
		};
		00D247D1C01E4A1900123456 /* Resources */ = {
			isa = PBXGroup;
			children = (
			);
			path = Resources;
			sourceTree = "<group>";
		};
		/* End PBXGroup section */

		/* Begin PBXProject section */
		00D247D0C01E4A1900123456 /* Project object */ = {
			isa = PBXProject;
			attributes = {
				BuildIndependentTargetsInParallel = 1;
				LastUpgradeCheck = 1500;
				TargetAttributes = {
				};
			};
			buildConfigurationList = 00D247D3C01E4A1900123456 /* Build configuration list for PBXProject */;
			compatibilityVersion = "Xcode 14.0";
			developmentRegion = en;
			hasScannedForEncodings = 0;
			knownRegions = (
				en,
				Base,
			);
			mainGroup = 00D247D0C01E4A1900123456;
			projectDirPath = "";
			projectRoot = "";
			targets = (
			);
		};
		/* End PBXProject section */

		/* Begin XCBuildConfiguration section */
		00D247D4C01E4A1900123456 /* Debug */ = {
			isa = XCBuildConfiguration;
			buildSettings = {
				CLANG_ENABLE_MODULES = YES;
				CLANG_ENABLE_OBJC_ARC = YES;
				DEBUG_INFORMATION_FORMAT = dwarf;
				GCC_C_LANGUAGE_DIALECT = gnu17;
				GCC_PREPROCESSOR_DEFINITIONS = (
					"DEBUG=1",
					"$(inherited)",
				);
				GCC_WARN_ABOUT_RETURN_TYPE = YES_ERROR;
				GCC_WARN_UNINITIALIZED_AUTOS = YES_AGGRESSIVE;
				PRODUCT_NAME = "$(TARGET_NAME)";
			};
			name = Debug;
		};
		00D247D5C01E4A1900123456 /* Release */ = {
			isa = XCBuildConfiguration;
			buildSettings = {
				CLANG_ENABLE_MODULES = YES;
				CLANG_ENABLE_OBJC_ARC = YES;
				COPY_PHASE_STRIP = NO;
				DEBUG_INFORMATION_FORMAT = "dwarf-with-dsym";
				ENABLE_NS_ASSERTIONS = NO;
				GCC_C_LANGUAGE_DIALECT = gnu17;
				GCC_WARN_ABOUT_RETURN_TYPE = YES_ERROR;
				GCC_WARN_UNINITIALIZED_AUTOS = YES_AGGRESSIVE;
				PRODUCT_NAME = "$(TARGET_NAME)";
			};
			name = Release;
		};
		/* End XCBuildConfiguration section */

		/* Begin XCConfigurationList section */
		00D247D3C01E4A1900123456 /* Build configuration list for PBXProject */ = {
			isa = XCConfigurationList;
			buildConfigurations = (
				00D247D4C01E4A1900123456 /* Debug */,
				00D247D5C01E4A1900123456 /* Release */,
			);
			defaultConfigurationIsVisible = 0;
			defaultConfigurationName = Release;
		};
		/* End XCConfigurationList section */
	};
	rootObject = 00D247D0C01E4A1900123456 /* Project object */;
}
